
Microsoft Visual Studio Solution File, Format Version 12.00
# Visual Studio Version 16
VisualStudioVersion = 16.0.29102.190
MinimumVisualStudioVersion = 10.0.40219.1
Project("{FAE04EC0-301F-11D3-BF4B-00C04F79EFBC}") = "uHateoas", "uHateoas\uHateoas.csproj", "{765A066D-9C16-4561-81B4-0C0CA47635EB}"
EndProject
Global
	GlobalSection(SolutionConfigurationPlatforms) = preSolution
		Debug|Any CPU = Debug|Any CPU
		Release|Any CPU = Release|Any CPU
	EndGlobalSection
	GlobalSection(ProjectConfigurationPlatforms) = postSolution
		{765A066D-9C16-4561-81B4-0C0CA47635EB}.Debug|Any CPU.ActiveCfg = Debug|Any CPU
		{765A066D-9C16-4561-81B4-0C0CA47635EB}.Debug|Any CPU.Build.0 = Debug|Any CPU
		{765A066D-9C16-4561-81B4-0C0CA47635EB}.Release|Any CPU.ActiveCfg = Release|Any CPU
		{765A066D-9C16-4561-81B4-0C0CA47635EB}.Release|Any CPU.Build.0 = Release|Any CPU
	EndGlobalSection
	GlobalSection(SolutionProperties) = preSolution
		HideSolutionNode = FALSE
	EndGlobalSection
	GlobalSection(ExtensibilityGlobals) = postSolution
		SolutionGuid = {D7CFAC8E-6C9B-461E-82E6-54546BEE7EDF}
	EndGlobalSection
EndGlobal
